
Microsoft Visual Studio Solution File, Format Version 12.00
# Visual Studio Version 17
VisualStudioVersion = 17.0.32126.317
MinimumVisualStudioVersion = 10.0.40219.1
Project("{FAE04EC0-301F-11D3-BF4B-00C04F79EFBC}") = "Task1", "Task1\Task1.csproj", "{E04DD972-9E07-4CDA-8558-70B661FC1F5B}"
EndProject
Project("{FAE04EC0-301F-11D3-BF4B-00C04F79EFBC}") = "Lesson", "Lesson\Lesson.csproj", "{276B3077-FE94-4CCE-A5A0-BD563BB6AE02}"
EndProject
Project("{FAE04EC0-301F-11D3-BF4B-00C04F79EFBC}") = "Task2", "Task2\Task2.csproj", "{664717D8-E21D-4DE3-A060-FCD8BC091FFB}"
EndProject
Project("{FAE04EC0-301F-11D3-BF4B-00C04F79EFBC}") = "Task3", "Task3\Task3.csproj", "{DD9FBAED-0704-4EB6-9F38-9381C6615CE7}"
EndProject
Global
	GlobalSection(SolutionConfigurationPlatforms) = preSolution
		Debug|Any CPU = Debug|Any CPU
		Release|Any CPU = Release|Any CPU
	EndGlobalSection
	GlobalSection(ProjectConfigurationPlatforms) = postSolution
		{E04DD972-9E07-4CDA-8558-70B661FC1F5B}.Debug|Any CPU.ActiveCfg = Debug|Any CPU
		{E04DD972-9E07-4CDA-8558-70B661FC1F5B}.Debug|Any CPU.Build.0 = Debug|Any CPU
		{E04DD972-9E07-4CDA-8558-70B661FC1F5B}.Release|Any CPU.ActiveCfg = Release|Any CPU
		{E04DD972-9E07-4CDA-8558-70B661FC1F5B}.Release|Any CPU.Build.0 = Release|Any CPU
		{276B3077-FE94-4CCE-A5A0-BD563BB6AE02}.Debug|Any CPU.ActiveCfg = Debug|Any CPU
		{276B3077-FE94-4CCE-A5A0-BD563BB6AE02}.Debug|Any CPU.Build.0 = Debug|Any CPU
		{276B3077-FE94-4CCE-A5A0-BD563BB6AE02}.Release|Any CPU.ActiveCfg = Release|Any CPU
		{276B3077-FE94-4CCE-A5A0-BD563BB6AE02}.Release|Any CPU.Build.0 = Release|Any CPU
		{664717D8-E21D-4DE3-A060-FCD8BC091FFB}.Debug|Any CPU.ActiveCfg = Debug|Any CPU
		{664717D8-E21D-4DE3-A060-FCD8BC091FFB}.Debug|Any CPU.Build.0 = Debug|Any CPU
		{664717D8-E21D-4DE3-A060-FCD8BC091FFB}.Release|Any CPU.ActiveCfg = Release|Any CPU
		{664717D8-E21D-4DE3-A060-FCD8BC091FFB}.Release|Any CPU.Build.0 = Release|Any CPU
		{DD9FBAED-0704-4EB6-9F38-9381C6615CE7}.Debug|Any CPU.ActiveCfg = Debug|Any CPU
		{DD9FBAED-0704-4EB6-9F38-9381C6615CE7}.Debug|Any CPU.Build.0 = Debug|Any CPU
		{DD9FBAED-0704-4EB6-9F38-9381C6615CE7}.Release|Any CPU.ActiveCfg = Release|Any CPU
		{DD9FBAED-0704-4EB6-9F38-9381C6615CE7}.Release|Any CPU.Build.0 = Release|Any CPU
	EndGlobalSection
	GlobalSection(SolutionProperties) = preSolution
		HideSolutionNode = FALSE
	EndGlobalSection
	GlobalSection(ExtensibilityGlobals) = postSolution
		SolutionGuid = {2E440CEF-A2F0-46C0-8614-D470B3BE3E94}
	EndGlobalSection
EndGlobal
